// !$*UTF8*$!
{
	archiveVersion = 1;
	classes = {
	};
	objectVersion = 56;
	objects = {

/* Begin PBXBuildFile section */
		IL000001000000000000001A /* InsanityLeagueApp.swift in Sources */ = {isa = PBXBuildFile; fileRef = IL000001000000000000001B /* InsanityLeagueApp.swift */; };
		IL000002000000000000001A /* ContentView.swift in Sources */ = {isa = PBXBuildFile; fileRef = IL000002000000000000001B /* ContentView.swift */; };
		IL000003000000000000001A /* WebViewContainer.swift in Sources */ = {isa = PBXBuildFile; fileRef = IL000003000000000000001B /* WebViewContainer.swift */; };
		IL000004000000000000001A /* WebPageView.swift in Sources */ = {isa = PBXBuildFile; fileRef = IL000004000000000000001B /* WebPageView.swift */; };
		IL000005000000000000001A /* HomeView.swift in Sources */ = {isa = PBXBuildFile; fileRef = IL000005000000000000001B /* HomeView.swift */; };
		IL000006000000000000001A /* StandingsView.swift in Sources */ = {isa = PBXBuildFile; fileRef = IL000006000000000000001B /* StandingsView.swift */; };
		IL000007000000000000001A /* ScoresView.swift in Sources */ = {isa = PBXBuildFile; fileRef = IL000007000000000000001B /* ScoresView.swift */; };
		IL000008000000000000001A /* PlayersView.swift in Sources */ = {isa = PBXBuildFile; fileRef = IL000008000000000000001B /* PlayersView.swift */; };
		IL000009000000000000001A /* Assets.xcassets in Resources */ = {isa = PBXBuildFile; fileRef = IL000009000000000000001B /* Assets.xcassets */; };
		IL00000A000000000000001A /* WebKit.framework in Frameworks */ = {isa = PBXBuildFile; fileRef = IL00000A000000000000001B /* WebKit.framework */; };
/* End PBXBuildFile section */

/* Begin PBXFileReference section */
		IL000001000000000000001B /* InsanityLeagueApp.swift */ = {isa = PBXFileReference; lastKnownFileType = sourcecode.swift; path = InsanityLeagueApp.swift; sourceTree = "<group>"; };
		IL000002000000000000001B /* ContentView.swift */ = {isa = PBXFileReference; lastKnownFileType = sourcecode.swift; path = ContentView.swift; sourceTree = "<group>"; };
		IL000003000000000000001B /* WebViewContainer.swift */ = {isa = PBXFileReference; lastKnownFileType = sourcecode.swift; path = WebViewContainer.swift; sourceTree = "<group>"; };
		IL000004000000000000001B /* WebPageView.swift */ = {isa = PBXFileReference; lastKnownFileType = sourcecode.swift; path = WebPageView.swift; sourceTree = "<group>"; };
		IL000005000000000000001B /* HomeView.swift */ = {isa = PBXFileReference; lastKnownFileType = sourcecode.swift; path = HomeView.swift; sourceTree = "<group>"; };
		IL000006000000000000001B /* StandingsView.swift */ = {isa = PBXFileReference; lastKnownFileType = sourcecode.swift; path = StandingsView.swift; sourceTree = "<group>"; };
		IL000007000000000000001B /* ScoresView.swift */ = {isa = PBXFileReference; lastKnownFileType = sourcecode.swift; path = ScoresView.swift; sourceTree = "<group>"; };
		IL000008000000000000001B /* PlayersView.swift */ = {isa = PBXFileReference; lastKnownFileType = sourcecode.swift; path = PlayersView.swift; sourceTree = "<group>"; };
		IL000009000000000000001B /* Assets.xcassets */ = {isa = PBXFileReference; lastKnownFileType = folder.assetcatalog; path = Assets.xcassets; sourceTree = "<group>"; };
		IL00000A000000000000001B /* WebKit.framework */ = {isa = PBXFileReference; lastKnownFileType = wrapper.framework; name = WebKit.framework; path = System/Library/Frameworks/WebKit.framework; sourceTree = SDKROOT; };
		IL00000B000000000000001B /* InsanityLeague.app */ = {isa = PBXFileReference; explicitFileType = wrapper.application; includeInIndex = 0; path = InsanityLeague.app; sourceTree = BUILT_PRODUCTS_DIR; };
		IL00000C000000000000001B /* InsanityLeague-Info.plist */ = {isa = PBXFileReference; lastKnownFileType = text.plist.xml; path = "InsanityLeague-Info.plist"; sourceTree = "<group>"; };
/* End PBXFileReference section */

/* Begin PBXFrameworksBuildPhase section */
		IL00000D000000000000001A /* Frameworks */ = {
			isa = PBXFrameworksBuildPhase;
			buildActionMask = 2147483647;
			files = (
				IL00000A000000000000001A /* WebKit.framework in Frameworks */,
			);
			runOnlyForDeploymentPostprocessing = 0;
		};
/* End PBXFrameworksBuildPhase section */

/* Begin PBXGroup section */
		IL00000E000000000000001A /* Products */ = {
			isa = PBXGroup;
			children = (
				IL00000B000000000000001B /* InsanityLeague.app */,
			);
			name = Products;
			sourceTree = "<group>";
		};
		IL00000F000000000000001A /* Frameworks */ = {
			isa = PBXGroup;
			children = (
				IL00000A000000000000001B /* WebKit.framework */,
			);
			name = Frameworks;
			sourceTree = "<group>";
		};
		IL000010000000000000001A /* Views */ = {
			isa = PBXGroup;
			children = (
				IL000003000000000000001B /* WebViewContainer.swift */,
				IL000004000000000000001B /* WebPageView.swift */,
				IL000005000000000000001B /* HomeView.swift */,
				IL000006000000000000001B /* StandingsView.swift */,
				IL000007000000000000001B /* ScoresView.swift */,
				IL000008000000000000001B /* PlayersView.swift */,
			);
			path = Views;
			sourceTree = "<group>";
		};
		IL000011000000000000001A /* InsanityLeagueApp */ = {
			isa = PBXGroup;
			children = (
				IL000001000000000000001B /* InsanityLeagueApp.swift */,
				IL000002000000000000001B /* ContentView.swift */,
				IL000010000000000000001A /* Views */,
				IL000009000000000000001B /* Assets.xcassets */,
			);
			path = InsanityLeagueApp;
			sourceTree = "<group>";
		};
		IL000012000000000000001A = {
			isa = PBXGroup;
			children = (
				IL000011000000000000001A /* InsanityLeagueApp */,
				IL00000C000000000000001B /* InsanityLeague-Info.plist */,
				IL00000E000000000000001A /* Products */,
				IL00000F000000000000001A /* Frameworks */,
			);
			sourceTree = "<group>";
		};
/* End PBXGroup section */

/* Begin PBXNativeTarget section */
		IL000013000000000000001A /* InsanityLeague */ = {
			isa = PBXNativeTarget;
			buildConfigurationList = IL000014000000000000001A /* Build configuration list for PBXNativeTarget "InsanityLeague" */;
			buildPhases = (
				IL000015000000000000001A /* Sources */,
				IL000016000000000000001A /* Resources */,
				IL00000D000000000000001A /* Frameworks */,
			);
			buildRules = (
			);
			dependencies = (
			);
			name = InsanityLeague;
			productName = InsanityLeague;
			productReference = IL00000B000000000000001B /* InsanityLeague.app */;
			productType = "com.apple.product-type.application";
		};
/* End PBXNativeTarget section */

/* Begin PBXProject section */
		IL000017000000000000001A /* Project object */ = {
			isa = PBXProject;
			attributes = {
				BuildIndependentTargetsInParallel = 1;
				LastSwiftUpdateCheck = 1500;
				LastUpgradeCheck = 1500;
				ORGANIZATIONNAME = "Insanity League";
				TargetAttributes = {
					IL000013000000000000001A = {
						CreatedOnToolsVersion = 15.0;
					};
				};
			};
			buildConfigurationList = IL000018000000000000001A /* Build configuration list for PBXProject "InsanityLeague" */;
			compatibilityVersion = "Xcode 14.0";
			developmentRegion = en;
			hasScannedForEncodings = 0;
			knownRegions = (
				en,
				Base,
			);
			mainGroup = IL000012000000000000001A;
			productRefGroup = IL00000E000000000000001A /* Products */;
			projectDirPath = "";
			projectRoot = "";
			targets = (
				IL000013000000000000001A /* InsanityLeague */,
			);
		};
/* End PBXProject section */

/* Begin PBXResourcesBuildPhase section */
		IL000016000000000000001A /* Resources */ = {
			isa = PBXResourcesBuildPhase;
			buildActionMask = 2147483647;
			files = (
				IL000009000000000000001A /* Assets.xcassets in Resources */,
			);
			runOnlyForDeploymentPostprocessing = 0;
		};
/* End PBXResourcesBuildPhase section */

/* Begin PBXSourcesBuildPhase section */
		IL000015000000000000001A /* Sources */ = {
			isa = PBXSourcesBuildPhase;
			buildActionMask = 2147483647;
			files = (
				IL000001000000000000001A /* InsanityLeagueApp.swift in Sources */,
				IL000002000000000000001A /* ContentView.swift in Sources */,
				IL000003000000000000001A /* WebViewContainer.swift in Sources */,
				IL000004000000000000001A /* WebPageView.swift in Sources */,
				IL000005000000000000001A /* HomeView.swift in Sources */,
				IL000006000000000000001A /* StandingsView.swift in Sources */,
				IL000007000000000000001A /* ScoresView.swift in Sources */,
				IL000008000000000000001A /* PlayersView.swift in Sources */,
			);
			runOnlyForDeploymentPostprocessing = 0;
		};
/* End PBXSourcesBuildPhase section */

/* Begin XCBuildConfiguration section */
		IL000019000000000000001A /* Debug */ = {
			isa = XCBuildConfiguration;
			buildSettings = {
				ALWAYS_SEARCH_USER_PATHS = NO;
				ASSETCATALOG_COMPILER_GENERATE_SWIFT_ASSET_SYMBOL_EXTENSIONS = YES;
				CLANG_ANALYZER_NONNULL = YES;
				CLANG_ANALYZER_NUMBER_OBJECT_CONVERSION = YES_AGGRESSIVE;
				CLANG_CXX_LANGUAGE_STANDARD = "gnu++20";
				CLANG_ENABLE_MODULES = YES;
				CLANG_ENABLE_OBJC_ARC = YES;
				CLANG_ENABLE_OBJC_WEAK = YES;
				CLANG_WARN_BLOCK_CAPTURE_AUTORELEASING = YES;
				CLANG_WARN_BOOL_CONVERSION = YES;
				CLANG_WARN_COMMA = YES;
				CLANG_WARN_CONSTANT_CONVERSION = YES;
				CLANG_WARN_DEPRECATED_OBJC_IMPLEMENTATIONS = YES;
				CLANG_WARN_DIRECT_OBJC_ISA_USAGE = YES_ERROR;
				CLANG_WARN_DOCUMENTATION_COMMENTS = YES;
				CLANG_WARN_EMPTY_BODY = YES;
				CLANG_WARN_ENUM_CONVERSION = YES;
				CLANG_WARN_INFINITE_RECURSION = YES;
				CLANG_WARN_INT_CONVERSION = YES;
				CLANG_WARN_NON_LITERAL_NULL_CONVERSION = YES;
				CLANG_WARN_OBJC_IMPLICIT_RETAIN_CYCLE = YES;
				CLANG_WARN_OBJC_LITERAL_CONVERSION = YES;
				CLANG_WARN_OBJC_ROOT_CLASS = YES_ERROR;
				CLANG_WARN_QUOTED_INCLUDE_IN_FRAMEWORK_HEADER = YES;
				CLANG_WARN_RANGE_LOOP_ANALYSIS = YES;
				CLANG_WARN_STRICT_PROTOTYPES = YES;
				CLANG_WARN_SUSPICIOUS_MOVE = YES;
				CLANG_WARN_UNGUARDED_AVAILABILITY = YES_AGGRESSIVE;
				CLANG_WARN_UNREACHABLE_CODE = YES;
				CLANG_WARN__DUPLICATE_METHOD_MATCH = YES;
				COPY_PHASE_STRIP = NO;
				DEBUG_INFORMATION_FORMAT = dwarf;
				ENABLE_STRICT_OBJC_MSGSEND = YES;
				ENABLE_TESTABILITY = YES;
				ENABLE_USER_SCRIPT_SANDBOXING = YES;
				GCC_C_LANGUAGE_STANDARD = gnu17;
				GCC_DYNAMIC_NO_PIC = NO;
				GCC_NO_COMMON_BLOCKS = YES;
				GCC_OPTIMIZATION_LEVEL = 0;
				GCC_PREPROCESSOR_DEFINITIONS = (
					"DEBUG=1",
					"$(inherited)",
				);
				GCC_WARN_64_TO_32_BIT_CONVERSION = YES;
				GCC_WARN_ABOUT_RETURN_TYPE = YES_ERROR;
				GCC_WARN_UNDECLARED_SELECTOR = YES;
				GCC_WARN_UNINITIALIZED_AUTOS = YES_AGGRESSIVE;
				GCC_WARN_UNUSED_FUNCTION = YES;
				GCC_WARN_UNUSED_VARIABLE = YES;
				IPHONEOS_DEPLOYMENT_TARGET = 16.0;
				MTL_ENABLE_DEBUG_INFO = INCLUDE_SOURCE;
				MTL_FAST_MATH = YES;
				ONLY_ACTIVE_ARCH = YES;
				SDKROOT = iphoneos;
				SWIFT_ACTIVE_COMPILATION_CONDITIONS = "DEBUG $(inherited)";
				SWIFT_OPTIMIZATION_LEVEL = "-Onone";
			};
			name = Debug;
		};
		IL00001A000000000000001A /* Release */ = {
			isa = XCBuildConfiguration;
			buildSettings = {
				ALWAYS_SEARCH_USER_PATHS = NO;
				ASSETCATALOG_COMPILER_GENERATE_SWIFT_ASSET_SYMBOL_EXTENSIONS = YES;
				CLANG_ANALYZER_NONNULL = YES;
				CLANG_ANALYZER_NUMBER_OBJECT_CONVERSION = YES_AGGRESSIVE;
				CLANG_CXX_LANGUAGE_STANDARD = "gnu++20";
				CLANG_ENABLE_MODULES = YES;
				CLANG_ENABLE_OBJC_ARC = YES;
				CLANG_ENABLE_OBJC_WEAK = YES;
				CLANG_WARN_BLOCK_CAPTURE_AUTORELEASING = YES;
				CLANG_WARN_BOOL_CONVERSION = YES;
				CLANG_WARN_COMMA = YES;
				CLANG_WARN_CONSTANT_CONVERSION = YES;
				CLANG_WARN_DEPRECATED_OBJC_IMPLEMENTATIONS = YES;
				CLANG_WARN_DIRECT_OBJC_ISA_USAGE = YES_ERROR;
				CLANG_WARN_DOCUMENTATION_COMMENTS = YES;
				CLANG_WARN_EMPTY_BODY = YES;
				CLANG_WARN_ENUM_CONVERSION = YES;
				CLANG_WARN_INFINITE_RECURSION = YES;
				CLANG_WARN_INT_CONVERSION = YES;
				CLANG_WARN_NON_LITERAL_NULL_CONVERSION = YES;
				CLANG_WARN_OBJC_IMPLICIT_RETAIN_CYCLE = YES;
				CLANG_WARN_OBJC_LITERAL_CONVERSION = YES;
				CLANG_WARN_OBJC_ROOT_CLASS = YES_ERROR;
				CLANG_WARN_QUOTED_INCLUDE_IN_FRAMEWORK_HEADER = YES;
				CLANG_WARN_RANGE_LOOP_ANALYSIS = YES;
				CLANG_WARN_STRICT_PROTOTYPES = YES;
				CLANG_WARN_SUSPICIOUS_MOVE = YES;
				CLANG_WARN_UNGUARDED_AVAILABILITY = YES_AGGRESSIVE;
				CLANG_WARN_UNREACHABLE_CODE = YES;
				CLANG_WARN__DUPLICATE_METHOD_MATCH = YES;
				COPY_PHASE_STRIP = NO;
				DEBUG_INFORMATION_FORMAT = "dwarf-with-dsym";
				ENABLE_NS_ASSERTIONS = NO;
				ENABLE_STRICT_OBJC_MSGSEND = YES;
				ENABLE_USER_SCRIPT_SANDBOXING = YES;
				GCC_C_LANGUAGE_STANDARD = gnu17;
				GCC_NO_COMMON_BLOCKS = YES;
				GCC_WARN_64_TO_32_BIT_CONVERSION = YES;
				GCC_WARN_ABOUT_RETURN_TYPE = YES_ERROR;
				GCC_WARN_UNDECLARED_SELECTOR = YES;
				GCC_WARN_UNINITIALIZED_AUTOS = YES_AGGRESSIVE;
				GCC_WARN_UNUSED_FUNCTION = YES;
				GCC_WARN_UNUSED_VARIABLE = YES;
				IPHONEOS_DEPLOYMENT_TARGET = 16.0;
				MTL_FAST_MATH = YES;
				SDKROOT = iphoneos;
				SWIFT_COMPILATION_MODE = wholemodule;
				VALIDATE_PRODUCT = YES;
			};
			name = Release;
		};
		IL00001B000000000000001A /* Debug */ = {
			isa = XCBuildConfiguration;
			buildSettings = {
				ASSETCATALOG_COMPILER_APPICON_NAME = AppIcon;
				ASSETCATALOG_COMPILER_GLOBAL_ACCENT_COLOR_NAME = AccentColor;
				CODE_SIGN_STYLE = Automatic;
				CURRENT_PROJECT_VERSION = 1;
				GENERATE_INFOPLIST_FILE = NO;
				INFOPLIST_FILE = "InsanityLeague-Info.plist";
				IPHONEOS_DEPLOYMENT_TARGET = 16.0;
				LD_RUNPATH_SEARCH_PATHS = (
					"$(inherited)",
					"@executable_path/Frameworks",
				);
				MARKETING_VERSION = 1.0;
				PRODUCT_BUNDLE_IDENTIFIER = "com.insanityleague.app";
				PRODUCT_NAME = "$(TARGET_NAME)";
				SWIFT_EMIT_LOC_STRINGS = YES;
				SWIFT_VERSION = 5.0;
				TARGETED_DEVICE_FAMILY = "1,2";
			};
			name = Debug;
		};
		IL00001C000000000000001A /* Release */ = {
			isa = XCBuildConfiguration;
			buildSettings = {
				ASSETCATALOG_COMPILER_APPICON_NAME = AppIcon;
				ASSETCATALOG_COMPILER_GLOBAL_ACCENT_COLOR_NAME = AccentColor;
				CODE_SIGN_STYLE = Automatic;
				CURRENT_PROJECT_VERSION = 1;
				GENERATE_INFOPLIST_FILE = NO;
				INFOPLIST_FILE = "InsanityLeague-Info.plist";
				IPHONEOS_DEPLOYMENT_TARGET = 16.0;
				LD_RUNPATH_SEARCH_PATHS = (
					"$(inherited)",
					"@executable_path/Frameworks",
				);
				MARKETING_VERSION = 1.0;
				PRODUCT_BUNDLE_IDENTIFIER = "com.insanityleague.app";
				PRODUCT_NAME = "$(TARGET_NAME)";
				SWIFT_EMIT_LOC_STRINGS = YES;
				SWIFT_VERSION = 5.0;
				TARGETED_DEVICE_FAMILY = "1,2";
			};
			name = Release;
		};
/* End XCBuildConfiguration section */

/* Begin XCConfigurationList section */
		IL000014000000000000001A /* Build configuration list for PBXNativeTarget "InsanityLeague" */ = {
			isa = XCConfigurationList;
			buildConfigurations = (
				IL00001B000000000000001A /* Debug */,
				IL00001C000000000000001A /* Release */,
			);
			defaultConfigurationIsVisible = 0;
			defaultConfigurationName = Release;
		};
		IL000018000000000000001A /* Build configuration list for PBXProject "InsanityLeague" */ = {
			isa = XCConfigurationList;
			buildConfigurations = (
				IL000019000000000000001A /* Debug */,
				IL00001A000000000000001A /* Release */,
			);
			defaultConfigurationIsVisible = 0;
			defaultConfigurationName = Release;
		};
/* End XCConfigurationList section */

	};
	rootObject = IL000017000000000000001A /* Project object */;
}
